<Solution>
  <Project Path="ManagementTask.Tests/ManagementTask.Tests.csproj" />
  <Project Path="ManagementTaskApi/ManagementTask.Api.csproj" />
  <Project Path="ManagementTaskApplication/ManagementTask.Application.csproj" />
  <Project Path="ManagementTaskDomain/ManagementTask.Domain.csproj" />
  <Project Path="ManagementTaskInfraestructure/ManagementTask.Infrastructure.csproj" />
</Solution>
